
Microsoft Visual Studio Solution File, Format Version 12.00
# Visual Studio Version 17
VisualStudioVersion = 17.13.35806.99 d17.13
MinimumVisualStudioVersion = 10.0.40219.1
Project("{FAE04EC0-301F-11D3-BF4B-00C04F79EFBC}") = "CoffeeShop", "CoffeeShop\CoffeeShop.csproj", "{01D6C3B2-B46C-479C-810D-3DE97057914A}"
EndProject
Global
	GlobalSection(SolutionConfigurationPlatforms) = preSolution
		Debug|Any CPU = Debug|Any CPU
		Release|Any CPU = Release|Any CPU
	EndGlobalSection
	GlobalSection(ProjectConfigurationPlatforms) = postSolution
		{01D6C3B2-B46C-479C-810D-3DE97057914A}.Debug|Any CPU.ActiveCfg = Debug|Any CPU
		{01D6C3B2-B46C-479C-810D-3DE97057914A}.Debug|Any CPU.Build.0 = Debug|Any CPU
		{01D6C3B2-B46C-479C-810D-3DE97057914A}.Release|Any CPU.ActiveCfg = Release|Any CPU
		{01D6C3B2-B46C-479C-810D-3DE97057914A}.Release|Any CPU.Build.0 = Release|Any CPU
	EndGlobalSection
	GlobalSection(SolutionProperties) = preSolution
		HideSolutionNode = FALSE
	EndGlobalSection
	GlobalSection(ExtensibilityGlobals) = postSolution
		SolutionGuid = {C2A8A7F3-793C-4B9A-AF17-F2F4E0E75404}
	EndGlobalSection
EndGlobal
